PODS:
  - com_huntmobi_web2app (3.0.1)

DEPENDENCIES:
  - com_huntmobi_web2app (~> 3.0.1)

SPEC REPOS:
  trunk:
    - com_huntmobi_web2app

SPEC CHECKSUMS:
  com_huntmobi_web2app: 2cced1874af7bcb8c4acc527e524a3dbd8a44273

PODFILE CHECKSUM: 47f1bccbb675de857ffbb8d5dd7c64efc583ac7e

COCOAPODS: 1.15.2
